
Microsoft Visual Studio Solution File, Format Version 12.00
# Visual Studio 2012
Project("{FAE04EC0-301F-11D3-BF4B-00C04F79EFBC}") = "EqualityWithT4", "EqualityWithT4\EqualityWithT4.csproj", "{3C77B5A3-6BF8-49A8-907E-F991591E8683}"
EndProject
Project("{FAE04EC0-301F-11D3-BF4B-00C04F79EFBC}") = "EqualityWithT4.Tests", "EqualityWithT4.Tests\EqualityWithT4.Tests.csproj", "{8843EB53-BFA3-4EC1-A37F-1C0CA0CE3A52}"
EndProject
Project("{2150E333-8FDC-42A3-9474-1A3956D46DE8}") = ".nuget", ".nuget", "{9B764180-8B0B-4D00-99DC-697793E675DF}"
	ProjectSection(SolutionItems) = preProject
		.nuget\packages.config = .nuget\packages.config
	EndProjectSection
EndProject
Global
	GlobalSection(SolutionConfigurationPlatforms) = preSolution
		Debug|Any CPU = Debug|Any CPU
		Release|Any CPU = Release|Any CPU
	EndGlobalSection
	GlobalSection(ProjectConfigurationPlatforms) = postSolution
		{3C77B5A3-6BF8-49A8-907E-F991591E8683}.Debug|Any CPU.ActiveCfg = Debug|Any CPU
		{3C77B5A3-6BF8-49A8-907E-F991591E8683}.Debug|Any CPU.Build.0 = Debug|Any CPU
		{3C77B5A3-6BF8-49A8-907E-F991591E8683}.Release|Any CPU.ActiveCfg = Release|Any CPU
		{3C77B5A3-6BF8-49A8-907E-F991591E8683}.Release|Any CPU.Build.0 = Release|Any CPU
		{8843EB53-BFA3-4EC1-A37F-1C0CA0CE3A52}.Debug|Any CPU.ActiveCfg = Debug|Any CPU
		{8843EB53-BFA3-4EC1-A37F-1C0CA0CE3A52}.Debug|Any CPU.Build.0 = Debug|Any CPU
		{8843EB53-BFA3-4EC1-A37F-1C0CA0CE3A52}.Release|Any CPU.ActiveCfg = Release|Any CPU
		{8843EB53-BFA3-4EC1-A37F-1C0CA0CE3A52}.Release|Any CPU.Build.0 = Release|Any CPU
	EndGlobalSection
	GlobalSection(SolutionProperties) = preSolution
		HideSolutionNode = FALSE
	EndGlobalSection
EndGlobal
